
Microsoft Visual Studio Solution File, Format Version 12.00
# Visual Studio Version 17
VisualStudioVersion = 17.6.33815.320
MinimumVisualStudioVersion = 10.0.40219.1
Project("{9A19103F-16F7-4668-BE54-9A1E7A4F7556}") = "Stage0", "Stage0\Stage0.csproj", "{2966F406-1E68-4464-98DF-A3EA1A4B3571}"
EndProject
Project("{2150E333-8FDC-42A3-9474-1A3956D46DE8}") = "Solution Items", "Solution Items", "{6283648A-C4A5-4EB7-A521-2923C61B754E}"
	ProjectSection(SolutionItems) = preProject
		README.md = README.md
	EndProjectSection
EndProject
Project("{2150E333-8FDC-42A3-9474-1A3956D46DE8}") = "Solution Items (2)", "Solution Items (2)", "{F3BF85E0-66E4-468A-91CB-0350BE19DD5B}"
	ProjectSection(SolutionItems) = preProject
		README.md = README.md
	EndProjectSection
EndProject
Project("{FAE04EC0-301F-11D3-BF4B-00C04F79EFBC}") = "DalFacade", "DalFacade\DalFacade.csproj", "{88C7F9BE-3E42-4A28-85A3-672E017BCF9B}"
EndProject
Project("{FAE04EC0-301F-11D3-BF4B-00C04F79EFBC}") = "DalList", "DalList\DalList.csproj", "{76C04B24-DE10-4289-A32C-3B87571623ED}"
EndProject
Project("{FAE04EC0-301F-11D3-BF4B-00C04F79EFBC}") = "DalTest", "DalTest\DalTest.csproj", "{969788D6-3B8C-491A-84B8-48E8B7141EB2}"
EndProject
Global
	GlobalSection(SolutionConfigurationPlatforms) = preSolution
		Debug|Any CPU = Debug|Any CPU
		Release|Any CPU = Release|Any CPU
	EndGlobalSection
	GlobalSection(ProjectConfigurationPlatforms) = postSolution
		{2966F406-1E68-4464-98DF-A3EA1A4B3571}.Debug|Any CPU.ActiveCfg = Debug|Any CPU
		{2966F406-1E68-4464-98DF-A3EA1A4B3571}.Debug|Any CPU.Build.0 = Debug|Any CPU
		{2966F406-1E68-4464-98DF-A3EA1A4B3571}.Release|Any CPU.ActiveCfg = Release|Any CPU
		{2966F406-1E68-4464-98DF-A3EA1A4B3571}.Release|Any CPU.Build.0 = Release|Any CPU
		{88C7F9BE-3E42-4A28-85A3-672E017BCF9B}.Debug|Any CPU.ActiveCfg = Debug|Any CPU
		{88C7F9BE-3E42-4A28-85A3-672E017BCF9B}.Debug|Any CPU.Build.0 = Debug|Any CPU
		{88C7F9BE-3E42-4A28-85A3-672E017BCF9B}.Release|Any CPU.ActiveCfg = Release|Any CPU
		{88C7F9BE-3E42-4A28-85A3-672E017BCF9B}.Release|Any CPU.Build.0 = Release|Any CPU
		{76C04B24-DE10-4289-A32C-3B87571623ED}.Debug|Any CPU.ActiveCfg = Debug|Any CPU
		{76C04B24-DE10-4289-A32C-3B87571623ED}.Debug|Any CPU.Build.0 = Debug|Any CPU
		{76C04B24-DE10-4289-A32C-3B87571623ED}.Release|Any CPU.ActiveCfg = Release|Any CPU
		{76C04B24-DE10-4289-A32C-3B87571623ED}.Release|Any CPU.Build.0 = Release|Any CPU
		{969788D6-3B8C-491A-84B8-48E8B7141EB2}.Debug|Any CPU.ActiveCfg = Debug|Any CPU
		{969788D6-3B8C-491A-84B8-48E8B7141EB2}.Debug|Any CPU.Build.0 = Debug|Any CPU
		{969788D6-3B8C-491A-84B8-48E8B7141EB2}.Release|Any CPU.ActiveCfg = Release|Any CPU
		{969788D6-3B8C-491A-84B8-48E8B7141EB2}.Release|Any CPU.Build.0 = Release|Any CPU
	EndGlobalSection
	GlobalSection(SolutionProperties) = preSolution
		HideSolutionNode = FALSE
	EndGlobalSection
	GlobalSection(ExtensibilityGlobals) = postSolution
		SolutionGuid = {41A350A3-1E9F-497F-8A97-6533A7F03E90}
	EndGlobalSection
EndGlobal
